hash: 83c75a62b912463fc160391cb151585827cae1e52f284673a184a4e5b4fbc79b
updated: 2018-11-08T13:54:51.424461+01:00
imports:
- name: github.com/gorilla/websocket
  version: 483fb8d7c32fcb4b5636cd293a92e3935932e2f4
- name: gopkg.in/yaml.v2
  version: 5420a8b6744d3b0345ab293f6fcba19c978f1183
testImports: []
